
Microsoft Visual Studio Solution File, Format Version 12.00
# Visual Studio Version 17
VisualStudioVersion = 17.4.33110.190
MinimumVisualStudioVersion = 10.0.40219.1
Project("{FAE04EC0-301F-11D3-BF4B-00C04F79EFBC}") = "ILSmodel", "ILSmodel\ILSmodel.csproj", "{4C749254-055C-4787-88FC-88F983E53B65}"
EndProject
Global
	GlobalSection(SolutionConfigurationPlatforms) = preSolution
		Debug|Any CPU = Debug|Any CPU
		Release|Any CPU = Release|Any CPU
	EndGlobalSection
	GlobalSection(ProjectConfigurationPlatforms) = postSolution
		{4C749254-055C-4787-88FC-88F983E53B65}.Debug|Any CPU.ActiveCfg = Debug|Any CPU
		{4C749254-055C-4787-88FC-88F983E53B65}.Debug|Any CPU.Build.0 = Debug|Any CPU
		{4C749254-055C-4787-88FC-88F983E53B65}.Release|Any CPU.ActiveCfg = Release|Any CPU
		{4C749254-055C-4787-88FC-88F983E53B65}.Release|Any CPU.Build.0 = Release|Any CPU
	EndGlobalSection
	GlobalSection(SolutionProperties) = preSolution
		HideSolutionNode = FALSE
	EndGlobalSection
	GlobalSection(ExtensibilityGlobals) = postSolution
		SolutionGuid = {B5237747-3C3F-4C78-B606-993CCAD569D5}
	EndGlobalSection
EndGlobal
